
Microsoft Visual Studio Solution File, Format Version 12.00
# Visual Studio Version 17
VisualStudioVersion = 17.6.33829.357
MinimumVisualStudioVersion = 10.0.40219.1
Project("{FAE04EC0-301F-11D3-BF4B-00C04F79EFBC}") = "EqualAndHashCode", "EqualAndHashCode\EqualAndHashCode.csproj", "{730C33D8-3DA1-4155-B5CE-E57AE0E981F1}"
EndProject
Global
	GlobalSection(SolutionConfigurationPlatforms) = preSolution
		Debug|Any CPU = Debug|Any CPU
		Release|Any CPU = Release|Any CPU
	EndGlobalSection
	GlobalSection(ProjectConfigurationPlatforms) = postSolution
		{730C33D8-3DA1-4155-B5CE-E57AE0E981F1}.Debug|Any CPU.ActiveCfg = Debug|Any CPU
		{730C33D8-3DA1-4155-B5CE-E57AE0E981F1}.Debug|Any CPU.Build.0 = Debug|Any CPU
		{730C33D8-3DA1-4155-B5CE-E57AE0E981F1}.Release|Any CPU.ActiveCfg = Release|Any CPU
		{730C33D8-3DA1-4155-B5CE-E57AE0E981F1}.Release|Any CPU.Build.0 = Release|Any CPU
	EndGlobalSection
	GlobalSection(SolutionProperties) = preSolution
		HideSolutionNode = FALSE
	EndGlobalSection
	GlobalSection(ExtensibilityGlobals) = postSolution
		SolutionGuid = {22272512-1ECF-44C4-9DCB-5DAAE4A7838A}
	EndGlobalSection
EndGlobal
